
Microsoft Visual Studio Solution File, Format Version 12.00
# Visual Studio Version 16
VisualStudioVersion = 16.0.31410.357
MinimumVisualStudioVersion = 10.0.40219.1
Project("{9A19103F-16F7-4668-BE54-9A1E7A4F7556}") = "LuccaDevises", "LuccaDevises\LuccaDevises.csproj", "{96408281-3ADD-4606-BA4E-E96208A96561}"
EndProject
Project("{9A19103F-16F7-4668-BE54-9A1E7A4F7556}") = "LuccaDevises.Domain", "LuccaDevises.Domain\LuccaDevises.Domain.csproj", "{E2A6C4EE-B0D2-4185-B63F-5190A51D9FD6}"
EndProject
Project("{9A19103F-16F7-4668-BE54-9A1E7A4F7556}") = "LuccaDevises.Services", "LuccaDevises.Services\LuccaDevises.Services.csproj", "{8DE4D557-898F-4B11-88C8-3C9AC66505DC}"
EndProject
Project("{FAE04EC0-301F-11D3-BF4B-00C04F79EFBC}") = "LuccaDevises.Services.Tests", "LuccaDevises.Services.Tests\LuccaDevises.Services.Tests.csproj", "{8B4D2101-219C-48B4-8BB8-0BD82AE230A0}"
EndProject
Global
	GlobalSection(SolutionConfigurationPlatforms) = preSolution
		Debug|Any CPU = Debug|Any CPU
		Release|Any CPU = Release|Any CPU
	EndGlobalSection
	GlobalSection(ProjectConfigurationPlatforms) = postSolution
		{96408281-3ADD-4606-BA4E-E96208A96561}.Debug|Any CPU.ActiveCfg = Debug|Any CPU
		{96408281-3ADD-4606-BA4E-E96208A96561}.Debug|Any CPU.Build.0 = Debug|Any CPU
		{96408281-3ADD-4606-BA4E-E96208A96561}.Release|Any CPU.ActiveCfg = Release|Any CPU
		{96408281-3ADD-4606-BA4E-E96208A96561}.Release|Any CPU.Build.0 = Release|Any CPU
		{E2A6C4EE-B0D2-4185-B63F-5190A51D9FD6}.Debug|Any CPU.ActiveCfg = Debug|Any CPU
		{E2A6C4EE-B0D2-4185-B63F-5190A51D9FD6}.Debug|Any CPU.Build.0 = Debug|Any CPU
		{E2A6C4EE-B0D2-4185-B63F-5190A51D9FD6}.Release|Any CPU.ActiveCfg = Release|Any CPU
		{E2A6C4EE-B0D2-4185-B63F-5190A51D9FD6}.Release|Any CPU.Build.0 = Release|Any CPU
		{8DE4D557-898F-4B11-88C8-3C9AC66505DC}.Debug|Any CPU.ActiveCfg = Debug|Any CPU
		{8DE4D557-898F-4B11-88C8-3C9AC66505DC}.Debug|Any CPU.Build.0 = Debug|Any CPU
		{8DE4D557-898F-4B11-88C8-3C9AC66505DC}.Release|Any CPU.ActiveCfg = Release|Any CPU
		{8DE4D557-898F-4B11-88C8-3C9AC66505DC}.Release|Any CPU.Build.0 = Release|Any CPU
		{8B4D2101-219C-48B4-8BB8-0BD82AE230A0}.Debug|Any CPU.ActiveCfg = Debug|Any CPU
		{8B4D2101-219C-48B4-8BB8-0BD82AE230A0}.Debug|Any CPU.Build.0 = Debug|Any CPU
		{8B4D2101-219C-48B4-8BB8-0BD82AE230A0}.Release|Any CPU.ActiveCfg = Release|Any CPU
		{8B4D2101-219C-48B4-8BB8-0BD82AE230A0}.Release|Any CPU.Build.0 = Release|Any CPU
	EndGlobalSection
	GlobalSection(SolutionProperties) = preSolution
		HideSolutionNode = FALSE
	EndGlobalSection
	GlobalSection(ExtensibilityGlobals) = postSolution
		SolutionGuid = {B9B48D8A-5707-4346-89B7-35EABD87736E}
	EndGlobalSection
EndGlobal
